# THIS IS AN AUTOGENERATED FILE. DO NOT EDIT THIS FILE DIRECTLY.
# yarn lockfile v1


"@types/chance@^1.0.5":
  version "1.0.5"
  resolved "https://registry.yarnpkg.com/@types/chance/-/chance-1.0.5.tgz#c59d16ee24860c4d33a9ccf096e75338f92c4c2a"
  integrity sha512-2oIEU7DO2wNQ98CTpDYdmVoaNpnZyjeGvIzgPa3B7ds9YzfowSyapqL8mwYQdJSik4360OXKo0PK4lWUPKdrYw==

"@types/node@^12.7.1":
  version "12.7.1"
  resolved "https://registry.yarnpkg.com/@types/node/-/node-12.7.1.tgz#3b5c3a26393c19b400844ac422bd0f631a94d69d"
  integrity sha512-aK9jxMypeSrhiYofWWBf/T7O+KwaiAHzM4sveCdWPn71lzUSMimRnKzhXDKfKwV1kWoBo2P1aGgaIYGLf9/ljw==

chance@^1.0.18:
  version "1.0.18"
  resolved "https://registry.yarnpkg.com/chance/-/chance-1.0.18.tgz#79788fe6fca4c338bf404321c347eecc80f969ee"
  integrity sha512-g9YLQVHVZS/3F+zIicfB58vjcxopvYQRp7xHzvyDFDhXH1aRZI/JhwSAO0X5qYiQluoGnaNAU6wByD2KTxJN1A==

typescript@^3.5.3:
  version "3.5.3"
  resolved "https://registry.yarnpkg.com/typescript/-/typescript-3.5.3.tgz#c830f657f93f1ea846819e929092f5fe5983e977"
  integrity sha512-ACzBtm/PhXBDId6a6sDJfroT2pOWt/oOnk4/dElG5G33ZL776N3Y6/6bKZJBFpd+b05F3Ct9qDjMeJmRWtE2/g==
